
Microsoft Visual Studio Solution File, Format Version 12.00
# Visual Studio Version 17
VisualStudioVersion = 17.1.32210.238
MinimumVisualStudioVersion = 10.0.40219.1
Project("{FAE04EC0-301F-11D3-BF4B-00C04F79EFBC}") = "Bars", "Bars\Bars.csproj", "{8BDF765B-DDEF-42E9-A75C-91E1AD1853B0}"
EndProject
Global
	GlobalSection(SolutionConfigurationPlatforms) = preSolution
		Debug|Any CPU = Debug|Any CPU
		Release|Any CPU = Release|Any CPU
	EndGlobalSection
	GlobalSection(ProjectConfigurationPlatforms) = postSolution
		{8BDF765B-DDEF-42E9-A75C-91E1AD1853B0}.Debug|Any CPU.ActiveCfg = Debug|Any CPU
		{8BDF765B-DDEF-42E9-A75C-91E1AD1853B0}.Debug|Any CPU.Build.0 = Debug|Any CPU
		{8BDF765B-DDEF-42E9-A75C-91E1AD1853B0}.Release|Any CPU.ActiveCfg = Release|Any CPU
		{8BDF765B-DDEF-42E9-A75C-91E1AD1853B0}.Release|Any CPU.Build.0 = Release|Any CPU
	EndGlobalSection
	GlobalSection(SolutionProperties) = preSolution
		HideSolutionNode = FALSE
	EndGlobalSection
	GlobalSection(ExtensibilityGlobals) = postSolution
		SolutionGuid = {AC18A576-B6BA-416E-A456-22ADA808BFE3}
	EndGlobalSection
EndGlobal
